<Solution>
  <Project Path="clean/PurchaseOrderApp.Api/PurchaseOrderApp.Api.csproj" />
  <Project Path="clean/PurchaseOrderApp.Application/PurchaseOrderApp.Application.csproj" />
  <Project Path="clean/PurchaseOrderApp.Domain/PurchaseOrderApp.Domain.csproj" />
  <Project Path="clean/PurchaseOrderApp.Infrastructure/PurchaseOrderApp.Infrastructure.csproj" />
  <Project Path="clean/PurchaseOrderApp.Tests/PurchaseOrderApp.Tests.csproj" />
  <Project Path="layered/PurchaseOrderApp.Services/PurchaseOrderApp.Services.csproj" />
  <Project Path="layered/PurchaseOrderApp.BL/PurchaseOrderApp.BL.csproj" />
  <Project Path="layered/PurchaseOrderApp.DAL/PurchaseOrderApp.DAL.csproj" />
</Solution>
